
Microsoft Visual Studio Solution File, Format Version 12.00
# Visual Studio Version 16
VisualStudioVersion = 16.0.29324.140
MinimumVisualStudioVersion = 10.0.40219.1
Project("{9A19103F-16F7-4668-BE54-9A1E7A4F7556}") = "TechTalks.Demo.News", "TechTalks.Demo.News\TechTalks.Demo.News.csproj", "{6F51E10B-1FA0-4A1A-B565-5CB13FF452AA}"
EndProject
Project("{9A19103F-16F7-4668-BE54-9A1E7A4F7556}") = "TechTalks.Demo.News.Domain", "TechTalks.Demo.News.Domain\TechTalks.Demo.News.Domain.csproj", "{B6A7636A-F6CD-4C5E-BAF1-EBECA2467980}"
EndProject
Project("{FAE04EC0-301F-11D3-BF4B-00C04F79EFBC}") = "TechTalks.Demo.Client", "TechTalks.Demo.Client\TechTalks.Demo.Client.csproj", "{69455E33-09EC-456D-867E-0A60C4022286}"
EndProject
Global
	GlobalSection(SolutionConfigurationPlatforms) = preSolution
		Debug|Any CPU = Debug|Any CPU
		Release|Any CPU = Release|Any CPU
	EndGlobalSection
	GlobalSection(ProjectConfigurationPlatforms) = postSolution
		{6F51E10B-1FA0-4A1A-B565-5CB13FF452AA}.Debug|Any CPU.ActiveCfg = Debug|Any CPU
		{6F51E10B-1FA0-4A1A-B565-5CB13FF452AA}.Debug|Any CPU.Build.0 = Debug|Any CPU
		{6F51E10B-1FA0-4A1A-B565-5CB13FF452AA}.Release|Any CPU.ActiveCfg = Release|Any CPU
		{6F51E10B-1FA0-4A1A-B565-5CB13FF452AA}.Release|Any CPU.Build.0 = Release|Any CPU
		{B6A7636A-F6CD-4C5E-BAF1-EBECA2467980}.Debug|Any CPU.ActiveCfg = Debug|Any CPU
		{B6A7636A-F6CD-4C5E-BAF1-EBECA2467980}.Debug|Any CPU.Build.0 = Debug|Any CPU
		{B6A7636A-F6CD-4C5E-BAF1-EBECA2467980}.Release|Any CPU.ActiveCfg = Release|Any CPU
		{B6A7636A-F6CD-4C5E-BAF1-EBECA2467980}.Release|Any CPU.Build.0 = Release|Any CPU
		{69455E33-09EC-456D-867E-0A60C4022286}.Debug|Any CPU.ActiveCfg = Debug|Any CPU
		{69455E33-09EC-456D-867E-0A60C4022286}.Debug|Any CPU.Build.0 = Debug|Any CPU
		{69455E33-09EC-456D-867E-0A60C4022286}.Release|Any CPU.ActiveCfg = Release|Any CPU
		{69455E33-09EC-456D-867E-0A60C4022286}.Release|Any CPU.Build.0 = Release|Any CPU
	EndGlobalSection
	GlobalSection(SolutionProperties) = preSolution
		HideSolutionNode = FALSE
	EndGlobalSection
	GlobalSection(ExtensibilityGlobals) = postSolution
		SolutionGuid = {E9759DD8-3FB0-46AD-8E51-5A8A1277EA55}
	EndGlobalSection
EndGlobal
